
Microsoft Visual Studio Solution File, Format Version 12.00
# Visual Studio 15
VisualStudioVersion = 15.0.28307.329
MinimumVisualStudioVersion = 10.0.40219.1
Project("{FAE04EC0-301F-11D3-BF4B-00C04F79EFBC}") = "ConsoleOne", "ConsoleOne\ConsoleOne.csproj", "{363E0EDF-3161-4229-9154-7B7A79063748}"
EndProject
Project("{FAE04EC0-301F-11D3-BF4B-00C04F79EFBC}") = "FormOne", "FormOne\FormOne.csproj", "{E9788EF9-FD16-432C-8812-E6B68AAD63DB}"
EndProject
Global
	GlobalSection(SolutionConfigurationPlatforms) = preSolution
		Debug|Any CPU = Debug|Any CPU
		Release|Any CPU = Release|Any CPU
	EndGlobalSection
	GlobalSection(ProjectConfigurationPlatforms) = postSolution
		{363E0EDF-3161-4229-9154-7B7A79063748}.Debug|Any CPU.ActiveCfg = Debug|Any CPU
		{363E0EDF-3161-4229-9154-7B7A79063748}.Debug|Any CPU.Build.0 = Debug|Any CPU
		{363E0EDF-3161-4229-9154-7B7A79063748}.Release|Any CPU.ActiveCfg = Release|Any CPU
		{363E0EDF-3161-4229-9154-7B7A79063748}.Release|Any CPU.Build.0 = Release|Any CPU
		{E9788EF9-FD16-432C-8812-E6B68AAD63DB}.Debug|Any CPU.ActiveCfg = Debug|Any CPU
		{E9788EF9-FD16-432C-8812-E6B68AAD63DB}.Debug|Any CPU.Build.0 = Debug|Any CPU
		{E9788EF9-FD16-432C-8812-E6B68AAD63DB}.Release|Any CPU.ActiveCfg = Release|Any CPU
		{E9788EF9-FD16-432C-8812-E6B68AAD63DB}.Release|Any CPU.Build.0 = Release|Any CPU
	EndGlobalSection
	GlobalSection(SolutionProperties) = preSolution
		HideSolutionNode = FALSE
	EndGlobalSection
	GlobalSection(ExtensibilityGlobals) = postSolution
		SolutionGuid = {86A0BB43-0EAE-46F6-9E62-22968851D3FF}
	EndGlobalSection
EndGlobal
